
Microsoft Visual Studio Solution File, Format Version 12.00
# Visual Studio Version 16
VisualStudioVersion = 16.0.31019.35
MinimumVisualStudioVersion = 10.0.40219.1
Project("{9A19103F-16F7-4668-BE54-9A1E7A4F7556}") = "Api", "Api\Api.csproj", "{227C667B-A1F5-494B-8435-2EA8E531A81C}"
EndProject
Project("{9A19103F-16F7-4668-BE54-9A1E7A4F7556}") = "DataAccess", "DataAccess\DataAccess.csproj", "{75218CDF-D4BB-44D3-9318-D702F84027B7}"
EndProject
Project("{9A19103F-16F7-4668-BE54-9A1E7A4F7556}") = "Api.Test", "Api.Test\Api.Test.csproj", "{52856D51-035C-4E8F-B62D-5539087FCCD0}"
EndProject
Project("{9A19103F-16F7-4668-BE54-9A1E7A4F7556}") = "DataAccess.Test", "DataAccess.Test\DataAccess.Test.csproj", "{C9E5E9C3-7AEB-4351-AF7B-68929003A09F}"
EndProject
Project("{9A19103F-16F7-4668-BE54-9A1E7A4F7556}") = "ML", "ML\ML.csproj", "{A5810315-2245-42E1-AF0D-966E29C57802}"
EndProject
Project("{9A19103F-16F7-4668-BE54-9A1E7A4F7556}") = "WorkerService", "WorkerService\WorkerService.csproj", "{61EE4B3F-BC43-4508-9C2E-3179D0011C07}"
EndProject
Project("{FAE04EC0-301F-11D3-BF4B-00C04F79EFBC}") = "SSAPrediction", "SSAPrediction\SSAPrediction.csproj", "{0EB45C0B-C7CB-4B2F-BA4A-483ED03B0420}"
EndProject
Project("{9A19103F-16F7-4668-BE54-9A1E7A4F7556}") = "BackendML.Model", "BackendML.Model\BackendML.Model.csproj", "{D85F5BBC-C495-4210-A58E-1E1D49882905}"
EndProject
Project("{9A19103F-16F7-4668-BE54-9A1E7A4F7556}") = "BackendML.ConsoleApp", "BackendML.ConsoleApp\BackendML.ConsoleApp.csproj", "{78DF5332-FD5B-4320-82B0-81C6F56E2FE7}"
EndProject
Global
	GlobalSection(SolutionConfigurationPlatforms) = preSolution
		Debug|Any CPU = Debug|Any CPU
		Release|Any CPU = Release|Any CPU
	EndGlobalSection
	GlobalSection(ProjectConfigurationPlatforms) = postSolution
		{227C667B-A1F5-494B-8435-2EA8E531A81C}.Debug|Any CPU.ActiveCfg = Debug|Any CPU
		{227C667B-A1F5-494B-8435-2EA8E531A81C}.Debug|Any CPU.Build.0 = Debug|Any CPU
		{227C667B-A1F5-494B-8435-2EA8E531A81C}.Release|Any CPU.ActiveCfg = Release|Any CPU
		{227C667B-A1F5-494B-8435-2EA8E531A81C}.Release|Any CPU.Build.0 = Release|Any CPU
		{75218CDF-D4BB-44D3-9318-D702F84027B7}.Debug|Any CPU.ActiveCfg = Debug|Any CPU
		{75218CDF-D4BB-44D3-9318-D702F84027B7}.Debug|Any CPU.Build.0 = Debug|Any CPU
		{75218CDF-D4BB-44D3-9318-D702F84027B7}.Release|Any CPU.ActiveCfg = Release|Any CPU
		{75218CDF-D4BB-44D3-9318-D702F84027B7}.Release|Any CPU.Build.0 = Release|Any CPU
		{52856D51-035C-4E8F-B62D-5539087FCCD0}.Debug|Any CPU.ActiveCfg = Debug|Any CPU
		{52856D51-035C-4E8F-B62D-5539087FCCD0}.Debug|Any CPU.Build.0 = Debug|Any CPU
		{52856D51-035C-4E8F-B62D-5539087FCCD0}.Release|Any CPU.ActiveCfg = Release|Any CPU
		{52856D51-035C-4E8F-B62D-5539087FCCD0}.Release|Any CPU.Build.0 = Release|Any CPU
		{C9E5E9C3-7AEB-4351-AF7B-68929003A09F}.Debug|Any CPU.ActiveCfg = Debug|Any CPU
		{C9E5E9C3-7AEB-4351-AF7B-68929003A09F}.Debug|Any CPU.Build.0 = Debug|Any CPU
		{C9E5E9C3-7AEB-4351-AF7B-68929003A09F}.Release|Any CPU.ActiveCfg = Release|Any CPU
		{C9E5E9C3-7AEB-4351-AF7B-68929003A09F}.Release|Any CPU.Build.0 = Release|Any CPU
		{A5810315-2245-42E1-AF0D-966E29C57802}.Debug|Any CPU.ActiveCfg = Debug|Any CPU
		{A5810315-2245-42E1-AF0D-966E29C57802}.Debug|Any CPU.Build.0 = Debug|Any CPU
		{A5810315-2245-42E1-AF0D-966E29C57802}.Release|Any CPU.ActiveCfg = Release|Any CPU
		{A5810315-2245-42E1-AF0D-966E29C57802}.Release|Any CPU.Build.0 = Release|Any CPU
		{61EE4B3F-BC43-4508-9C2E-3179D0011C07}.Debug|Any CPU.ActiveCfg = Debug|Any CPU
		{61EE4B3F-BC43-4508-9C2E-3179D0011C07}.Debug|Any CPU.Build.0 = Debug|Any CPU
		{61EE4B3F-BC43-4508-9C2E-3179D0011C07}.Release|Any CPU.ActiveCfg = Release|Any CPU
		{61EE4B3F-BC43-4508-9C2E-3179D0011C07}.Release|Any CPU.Build.0 = Release|Any CPU
		{0EB45C0B-C7CB-4B2F-BA4A-483ED03B0420}.Debug|Any CPU.ActiveCfg = Debug|Any CPU
		{0EB45C0B-C7CB-4B2F-BA4A-483ED03B0420}.Debug|Any CPU.Build.0 = Debug|Any CPU
		{0EB45C0B-C7CB-4B2F-BA4A-483ED03B0420}.Release|Any CPU.ActiveCfg = Release|Any CPU
		{0EB45C0B-C7CB-4B2F-BA4A-483ED03B0420}.Release|Any CPU.Build.0 = Release|Any CPU
		{D85F5BBC-C495-4210-A58E-1E1D49882905}.Debug|Any CPU.ActiveCfg = Debug|Any CPU
		{D85F5BBC-C495-4210-A58E-1E1D49882905}.Debug|Any CPU.Build.0 = Debug|Any CPU
		{D85F5BBC-C495-4210-A58E-1E1D49882905}.Release|Any CPU.ActiveCfg = Release|Any CPU
		{D85F5BBC-C495-4210-A58E-1E1D49882905}.Release|Any CPU.Build.0 = Release|Any CPU
		{78DF5332-FD5B-4320-82B0-81C6F56E2FE7}.Debug|Any CPU.ActiveCfg = Debug|Any CPU
		{78DF5332-FD5B-4320-82B0-81C6F56E2FE7}.Debug|Any CPU.Build.0 = Debug|Any CPU
		{78DF5332-FD5B-4320-82B0-81C6F56E2FE7}.Release|Any CPU.ActiveCfg = Release|Any CPU
		{78DF5332-FD5B-4320-82B0-81C6F56E2FE7}.Release|Any CPU.Build.0 = Release|Any CPU
	EndGlobalSection
	GlobalSection(SolutionProperties) = preSolution
		HideSolutionNode = FALSE
	EndGlobalSection
	GlobalSection(ExtensibilityGlobals) = postSolution
		SolutionGuid = {0E188CA0-1048-41C9-8F35-C773CAB4F438}
	EndGlobalSection
EndGlobal
