
Microsoft Visual Studio Solution File, Format Version 12.00
# Visual Studio Version 16
VisualStudioVersion = 16.0.31019.35
MinimumVisualStudioVersion = 10.0.40219.1
Project("{FAE04EC0-301F-11D3-BF4B-00C04F79EFBC}") = "Backend", "Backend\Backend.csproj", "{EC5D990B-1B1F-4AC3-A739-12E103EA64B3}"
EndProject
Global
	GlobalSection(SolutionConfigurationPlatforms) = preSolution
		Debug|Any CPU = Debug|Any CPU
		Release|Any CPU = Release|Any CPU
	EndGlobalSection
	GlobalSection(ProjectConfigurationPlatforms) = postSolution
		{EC5D990B-1B1F-4AC3-A739-12E103EA64B3}.Debug|Any CPU.ActiveCfg = Debug|Any CPU
		{EC5D990B-1B1F-4AC3-A739-12E103EA64B3}.Debug|Any CPU.Build.0 = Debug|Any CPU
		{EC5D990B-1B1F-4AC3-A739-12E103EA64B3}.Release|Any CPU.ActiveCfg = Release|Any CPU
		{EC5D990B-1B1F-4AC3-A739-12E103EA64B3}.Release|Any CPU.Build.0 = Release|Any CPU
	EndGlobalSection
	GlobalSection(SolutionProperties) = preSolution
		HideSolutionNode = FALSE
	EndGlobalSection
	GlobalSection(ExtensibilityGlobals) = postSolution
		SolutionGuid = {38F125B3-F98C-48F7-8BCC-1F3C8AA845B9}
	EndGlobalSection
EndGlobal
